
Microsoft Visual Studio Solution File, Format Version 12.00
# Visual Studio Version 16
VisualStudioVersion = 16.0.32126.315
MinimumVisualStudioVersion = 10.0.40219.1
Project("{9A19103F-16F7-4668-BE54-9A1E7A4F7556}") = "sharp-front-end2", "sharp-front-end2\sharp-front-end2.csproj", "{B3EF873C-5056-4E31-8B58-FDA7040A46D4}"
EndProject
Project("{FAE04EC0-301F-11D3-BF4B-00C04F79EFBC}") = "LoginUI", "LoginUI\LoginUI.csproj", "{782B37EA-7841-4131-8CD4-0BB00E0CE85C}"
EndProject
Project("{FAE04EC0-301F-11D3-BF4B-00C04F79EFBC}") = "CarInventory", "CarInventory\CarInventory.csproj", "{237232AA-8171-4027-9E86-640D32E1F17F}"
EndProject
Project("{2150E333-8FDC-42A3-9474-1A3956D46DE8}") = "Solution Items", "Solution Items", "{4C6FFEDB-3FE3-41B9-9076-69B336548B1A}"
	ProjectSection(SolutionItems) = preProject
		Bugs.txt = Bugs.txt
		UpcomingFeatures.txt = UpcomingFeatures.txt
	EndProjectSection
EndProject
Project("{FAE04EC0-301F-11D3-BF4B-00C04F79EFBC}") = "RegisterUI", "RegisterUI\RegisterUI.csproj", "{1C69B7E7-83A8-4D1D-BD4F-EDC1BC1BAD83}"
EndProject
Global
	GlobalSection(SolutionConfigurationPlatforms) = preSolution
		Debug|Any CPU = Debug|Any CPU
		Release|Any CPU = Release|Any CPU
	EndGlobalSection
	GlobalSection(ProjectConfigurationPlatforms) = postSolution
		{B3EF873C-5056-4E31-8B58-FDA7040A46D4}.Debug|Any CPU.ActiveCfg = Debug|Any CPU
		{B3EF873C-5056-4E31-8B58-FDA7040A46D4}.Debug|Any CPU.Build.0 = Debug|Any CPU
		{B3EF873C-5056-4E31-8B58-FDA7040A46D4}.Release|Any CPU.ActiveCfg = Release|Any CPU
		{B3EF873C-5056-4E31-8B58-FDA7040A46D4}.Release|Any CPU.Build.0 = Release|Any CPU
		{782B37EA-7841-4131-8CD4-0BB00E0CE85C}.Debug|Any CPU.ActiveCfg = Debug|Any CPU
		{782B37EA-7841-4131-8CD4-0BB00E0CE85C}.Debug|Any CPU.Build.0 = Debug|Any CPU
		{782B37EA-7841-4131-8CD4-0BB00E0CE85C}.Release|Any CPU.ActiveCfg = Release|Any CPU
		{782B37EA-7841-4131-8CD4-0BB00E0CE85C}.Release|Any CPU.Build.0 = Release|Any CPU
		{237232AA-8171-4027-9E86-640D32E1F17F}.Debug|Any CPU.ActiveCfg = Debug|Any CPU
		{237232AA-8171-4027-9E86-640D32E1F17F}.Debug|Any CPU.Build.0 = Debug|Any CPU
		{237232AA-8171-4027-9E86-640D32E1F17F}.Release|Any CPU.ActiveCfg = Release|Any CPU
		{237232AA-8171-4027-9E86-640D32E1F17F}.Release|Any CPU.Build.0 = Release|Any CPU
		{1C69B7E7-83A8-4D1D-BD4F-EDC1BC1BAD83}.Debug|Any CPU.ActiveCfg = Debug|Any CPU
		{1C69B7E7-83A8-4D1D-BD4F-EDC1BC1BAD83}.Debug|Any CPU.Build.0 = Debug|Any CPU
		{1C69B7E7-83A8-4D1D-BD4F-EDC1BC1BAD83}.Release|Any CPU.ActiveCfg = Release|Any CPU
		{1C69B7E7-83A8-4D1D-BD4F-EDC1BC1BAD83}.Release|Any CPU.Build.0 = Release|Any CPU
	EndGlobalSection
	GlobalSection(SolutionProperties) = preSolution
		HideSolutionNode = FALSE
	EndGlobalSection
	GlobalSection(ExtensibilityGlobals) = postSolution
		SolutionGuid = {980BC6AD-46B0-4A82-B5B0-68D4ECA0AA27}
	EndGlobalSection
EndGlobal
